
Microsoft Visual Studio Solution File, Format Version 12.00
# Visual Studio Version 16
VisualStudioVersion = 16.0.31829.152
MinimumVisualStudioVersion = 10.0.40219.1
Project("{FAE04EC0-301F-11D3-BF4B-00C04F79EFBC}") = "ModPack", "ModPack.csproj", "{A04C2627-6B42-4114-9D81-49F953F0FE11}"
EndProject
Global
	GlobalSection(SolutionConfigurationPlatforms) = preSolution
		Debug|Any CPU = Debug|Any CPU
		Release|Any CPU = Release|Any CPU
	EndGlobalSection
	GlobalSection(ProjectConfigurationPlatforms) = postSolution
		{A04C2627-6B42-4114-9D81-49F953F0FE11}.Debug|Any CPU.ActiveCfg = Debug|Any CPU
		{A04C2627-6B42-4114-9D81-49F953F0FE11}.Debug|Any CPU.Build.0 = Debug|Any CPU
		{A04C2627-6B42-4114-9D81-49F953F0FE11}.Release|Any CPU.ActiveCfg = Release|Any CPU
		{A04C2627-6B42-4114-9D81-49F953F0FE11}.Release|Any CPU.Build.0 = Release|Any CPU
	EndGlobalSection
	GlobalSection(SolutionProperties) = preSolution
		HideSolutionNode = FALSE
	EndGlobalSection
	GlobalSection(ExtensibilityGlobals) = postSolution
		SolutionGuid = {65E04854-0357-44B2-A641-3B85E6A68330}
	EndGlobalSection
EndGlobal
